github.com/gopacket/gopacket v1.1.1 h1:zbx9F9d6A7sWNkFKrvMBZTfGgxFoY4NgUudFVVHMfcw=
github.com/gopacket/gopacket v1.1.1/go.mod h1:HavMeONEl7W9036of9LbSWoonqhH7HA1+ZRO+rMIvFs=
github.com/hwipl/packet-go v0.0.0-20231017084534-aeef2764812d h1:qvjhulSw3PX5APDJgegV7aC7WH9YbDyPaL3DEzbQqA4=
github.com/hwipl/packet-go v0.0.0-20231017084534-aeef2764812d/go.mod h1:EsPEW3BhaKHxCywspZmiFcGtA0oPxltC2vquDLmXRfA=
golang.org/x/net v0.17.0 h1:pVaXccu2ozPjCXewfr1S7xza/zcXTity9cCdXQYSjIM=
golang.org/x/sys v0.13.0 h1:Af8nKPmuFypiUBjVoU9V20FiaFXOcuZI21p0ycVYYGE=
golang.org/x/sys v0.13.0/go.mod h1:oPkhp1MJrh7nUepCBck5+mAzfO9JrbApNNgaTdGDITg=
