github.com/gopacket/gopacket v1.7.0 h1:GdmF8ytGnjtSvyy30CTZhIwX1ybDWH3Q0MNK0blIKzA=
github.com/gopacket/gopacket v1.7.0/go.mod h1:QKowPlTLrQU2rqV5C5I14Aoaid3l8da3kbddibc/Wgk=
github.com/hwipl/packet-go v0.0.0-20260710055156-efa959eafb02 h1:/ChDztCcJ2dPPpPskN1XwPW4flBBZT9Da0y0abA5QVY=
github.com/hwipl/packet-go v0.0.0-20260710055156-efa959eafb02/go.mod h1:3uhCdyno6osmBouTAzb5BKDhLyCpL1n2PYs8LKyzb44=
golang.org/x/net v0.55.0 h1:bcvxaJn3e1U6InsFWt1JUq1aSjnRxLzT2rtD2KfkDF8=
golang.org/x/net v0.55.0/go.mod h1:L5U2KuzuOe1lY7Z+aWVIKK6qEeJXnXV9yzGA+WCHJww=
golang.org/x/sys v0.47.0 h1:o7XGOvZQCADBQQ4Y7VNq2dRWQR7JmOUW8Kxx4ZsNgWs=
golang.org/x/sys v0.47.0/go.mod h1:4GL1E5IUh+htKOUEOaiffhrAeqysfVGipDYzABqnCmw=
